// !$*UTF8*$!
{
	archiveVersion = 1;
	classes = {
	};
	objectVersion = 50;
	objects = {

/* Begin PBXBuildFile section */
		F444E5BB260FBBE0003B0C3F /* CameraModel.swift in Sources */ = {isa = PBXBuildFile; fileRef = F444E5BA260FBBE0003B0C3F /* CameraModel.swift */; };
		F444E5BF260FBC83003B0C3F /* CameraLiveView.swift in Sources */ = {isa = PBXBuildFile; fileRef = F444E5BE260FBC83003B0C3F /* CameraLiveView.swift */; };
		F444E5C7260FEED1003B0C3F /* UIImage Extension.swift in Sources */ = {isa = PBXBuildFile; fileRef = F444E5C6260FEED1003B0C3F /* UIImage Extension.swift */; };
		F4FA34EA260F97C900D3F475 /* Snap_GiveApp.swift in Sources */ = {isa = PBXBuildFile; fileRef = F4FA34E9260F97C900D3F475 /* Snap_GiveApp.swift */; };
		F4FA34EC260F97C900D3F475 /* MainView.swift in Sources */ = {isa = PBXBuildFile; fileRef = F4FA34EB260F97C900D3F475 /* MainView.swift */; };
		F4FA34EE260F97CB00D3F475 /* Assets.xcassets in Resources */ = {isa = PBXBuildFile; fileRef = F4FA34ED260F97CB00D3F475 /* Assets.xcassets */; };
		F4FA34F1260F97CB00D3F475 /* Preview Assets.xcassets in Resources */ = {isa = PBXBuildFile; fileRef = F4FA34F0260F97CB00D3F475 /* Preview Assets.xcassets */; };
		F4FA34FA260F980C00D3F475 /* Food101.mlmodel in Sources */ = {isa = PBXBuildFile; fileRef = F4FA34F9260F980C00D3F475 /* Food101.mlmodel */; };
		F4FA3501260F9B6900D3F475 /* SnapView.swift in Sources */ = {isa = PBXBuildFile; fileRef = F4FA3500260F9B6900D3F475 /* SnapView.swift */; };
		F4FA3506260F9E3B00D3F475 /* DonateView.swift in Sources */ = {isa = PBXBuildFile; fileRef = F4FA3505260F9E3B00D3F475 /* DonateView.swift */; };
		F4FA3509260F9FC500D3F475 /* NewsView.swift in Sources */ = {isa = PBXBuildFile; fileRef = F4FA3508260F9FC500D3F475 /* NewsView.swift */; };
		F4FA350E260FA3AD00D3F475 /* CameraView.swift in Sources */ = {isa = PBXBuildFile; fileRef = F4FA350D260FA3AD00D3F475 /* CameraView.swift */; };
/* End PBXBuildFile section */

/* Begin PBXFileReference section */
		F444E5BA260FBBE0003B0C3F /* CameraModel.swift */ = {isa = PBXFileReference; lastKnownFileType = sourcecode.swift; path = CameraModel.swift; sourceTree = "<group>"; };
		F444E5BE260FBC83003B0C3F /* CameraLiveView.swift */ = {isa = PBXFileReference; lastKnownFileType = sourcecode.swift; path = CameraLiveView.swift; sourceTree = "<group>"; };
		F444E5C6260FEED1003B0C3F /* UIImage Extension.swift */ = {isa = PBXFileReference; lastKnownFileType = sourcecode.swift; path = "UIImage Extension.swift"; sourceTree = "<group>"; };
		F4FA34E6260F97C900D3F475 /* Snap&Give.app */ = {isa = PBXFileReference; explicitFileType = wrapper.application; includeInIndex = 0; path = "Snap&Give.app"; sourceTree = BUILT_PRODUCTS_DIR; };
		F4FA34E9260F97C900D3F475 /* Snap_GiveApp.swift */ = {isa = PBXFileReference; lastKnownFileType = sourcecode.swift; path = Snap_GiveApp.swift; sourceTree = "<group>"; };
		F4FA34EB260F97C900D3F475 /* MainView.swift */ = {isa = PBXFileReference; lastKnownFileType = sourcecode.swift; path = MainView.swift; sourceTree = "<group>"; };
		F4FA34ED260F97CB00D3F475 /* Assets.xcassets */ = {isa = PBXFileReference; lastKnownFileType = folder.assetcatalog; path = Assets.xcassets; sourceTree = "<group>"; };
		F4FA34F0260F97CB00D3F475 /* Preview Assets.xcassets */ = {isa = PBXFileReference; lastKnownFileType = folder.assetcatalog; path = "Preview Assets.xcassets"; sourceTree = "<group>"; };
		F4FA34F2260F97CB00D3F475 /* Info.plist */ = {isa = PBXFileReference; lastKnownFileType = text.plist.xml; path = Info.plist; sourceTree = "<group>"; };
		F4FA34F9260F980C00D3F475 /* Food101.mlmodel */ = {isa = PBXFileReference; lastKnownFileType = file.mlmodel; path = Food101.mlmodel; sourceTree = "<group>"; };
		F4FA3500260F9B6900D3F475 /* SnapView.swift */ = {isa = PBXFileReference; lastKnownFileType = sourcecode.swift; path = SnapView.swift; sourceTree = "<group>"; };
		F4FA3505260F9E3B00D3F475 /* DonateView.swift */ = {isa = PBXFileReference; lastKnownFileType = sourcecode.swift; path = DonateView.swift; sourceTree = "<group>"; };
		F4FA3508260F9FC500D3F475 /* NewsView.swift */ = {isa = PBXFileReference; lastKnownFileType = sourcecode.swift; path = NewsView.swift; sourceTree = "<group>"; };
		F4FA350D260FA3AD00D3F475 /* CameraView.swift */ = {isa = PBXFileReference; lastKnownFileType = sourcecode.swift; path = CameraView.swift; sourceTree = "<group>"; };
/* End PBXFileReference section */

/* Begin PBXFrameworksBuildPhase section */
		F4FA34E3260F97C900D3F475 /* Frameworks */ = {
			isa = PBXFrameworksBuildPhase;
			buildActionMask = 2147483647;
			files = (
			);
			runOnlyForDeploymentPostprocessing = 0;
		};
/* End PBXFrameworksBuildPhase section */

/* Begin PBXGroup section */
		F4FA34DD260F97C900D3F475 = {
			isa = PBXGroup;
			children = (
				F4FA34E8260F97C900D3F475 /* Snap&Give */,
				F4FA34E7260F97C900D3F475 /* Products */,
			);
			sourceTree = "<group>";
		};
		F4FA34E7260F97C900D3F475 /* Products */ = {
			isa = PBXGroup;
			children = (
				F4FA34E6260F97C900D3F475 /* Snap&Give.app */,
			);
			name = Products;
			sourceTree = "<group>";
		};
		F4FA34E8260F97C900D3F475 /* Snap&Give */ = {
			isa = PBXGroup;
			children = (
				F4FA34E9260F97C900D3F475 /* Snap_GiveApp.swift */,
				F4FA34EB260F97C900D3F475 /* MainView.swift */,
				F4FA34FD260F9B2D00D3F475 /* SnapView */,
				F4FA34FE260F9B3600D3F475 /* DonateView */,
				F4FA34FF260F9B5000D3F475 /* NewsView */,
				F4FA3504260F9BE900D3F475 /* Helper */,
				F4FA34F9260F980C00D3F475 /* Food101.mlmodel */,
				F4FA34ED260F97CB00D3F475 /* Assets.xcassets */,
				F4FA34F2260F97CB00D3F475 /* Info.plist */,
				F4FA34EF260F97CB00D3F475 /* Preview Content */,
			);
			path = "Snap&Give";
			sourceTree = "<group>";
		};
		F4FA34EF260F97CB00D3F475 /* Preview Content */ = {
			isa = PBXGroup;
			children = (
				F4FA34F0260F97CB00D3F475 /* Preview Assets.xcassets */,
			);
			path = "Preview Content";
			sourceTree = "<group>";
		};
		F4FA34FD260F9B2D00D3F475 /* SnapView */ = {
			isa = PBXGroup;
			children = (
				F4FA3500260F9B6900D3F475 /* SnapView.swift */,
				F4FA350D260FA3AD00D3F475 /* CameraView.swift */,
				F444E5BA260FBBE0003B0C3F /* CameraModel.swift */,
				F444E5BE260FBC83003B0C3F /* CameraLiveView.swift */,
			);
			path = SnapView;
			sourceTree = "<group>";
		};
		F4FA34FE260F9B3600D3F475 /* DonateView */ = {
			isa = PBXGroup;
			children = (
				F4FA3505260F9E3B00D3F475 /* DonateView.swift */,
			);
			path = DonateView;
			sourceTree = "<group>";
		};
		F4FA34FF260F9B5000D3F475 /* NewsView */ = {
			isa = PBXGroup;
			children = (
				F4FA3508260F9FC500D3F475 /* NewsView.swift */,
			);
			path = NewsView;
			sourceTree = "<group>";
		};
		F4FA3504260F9BE900D3F475 /* Helper */ = {
			isa = PBXGroup;
			children = (
				F444E5C6260FEED1003B0C3F /* UIImage Extension.swift */,
			);
			path = Helper;
			sourceTree = "<group>";
		};
/* End PBXGroup section */

/* Begin PBXNativeTarget section */
		F4FA34E5260F97C900D3F475 /* Snap&Give */ = {
			isa = PBXNativeTarget;
			buildConfigurationList = F4FA34F5260F97CB00D3F475 /* Build configuration list for PBXNativeTarget "Snap&Give" */;
			buildPhases = (
				F4FA34E2260F97C900D3F475 /* Sources */,
				F4FA34E3260F97C900D3F475 /* Frameworks */,
				F4FA34E4260F97C900D3F475 /* Resources */,
			);
			buildRules = (
			);
			dependencies = (
			);
			name = "Snap&Give";
			productName = "Snap&Give";
			productReference = F4FA34E6260F97C900D3F475 /* Snap&Give.app */;
			productType = "com.apple.product-type.application";
		};
/* End PBXNativeTarget section */

/* Begin PBXProject section */
		F4FA34DE260F97C900D3F475 /* Project object */ = {
			isa = PBXProject;
			attributes = {
				LastSwiftUpdateCheck = 1240;
				LastUpgradeCheck = 1240;
				TargetAttributes = {
					F4FA34E5260F97C900D3F475 = {
						CreatedOnToolsVersion = 12.4;
					};
				};
			};
			buildConfigurationList = F4FA34E1260F97C900D3F475 /* Build configuration list for PBXProject "Snap&Give" */;
			compatibilityVersion = "Xcode 9.3";
			developmentRegion = en;
			hasScannedForEncodings = 0;
			knownRegions = (
				en,
				Base,
			);
			mainGroup = F4FA34DD260F97C900D3F475;
			productRefGroup = F4FA34E7260F97C900D3F475 /* Products */;
			projectDirPath = "";
			projectRoot = "";
			targets = (
				F4FA34E5260F97C900D3F475 /* Snap&Give */,
			);
		};
/* End PBXProject section */

/* Begin PBXResourcesBuildPhase section */
		F4FA34E4260F97C900D3F475 /* Resources */ = {
			isa = PBXResourcesBuildPhase;
			buildActionMask = 2147483647;
			files = (
				F4FA34F1260F97CB00D3F475 /* Preview Assets.xcassets in Resources */,
				F4FA34EE260F97CB00D3F475 /* Assets.xcassets in Resources */,
			);
			runOnlyForDeploymentPostprocessing = 0;
		};
/* End PBXResourcesBuildPhase section */

/* Begin PBXSourcesBuildPhase section */
		F4FA34E2260F97C900D3F475 /* Sources */ = {
			isa = PBXSourcesBuildPhase;
			buildActionMask = 2147483647;
			files = (
				F444E5C7260FEED1003B0C3F /* UIImage Extension.swift in Sources */,
				F4FA34FA260F980C00D3F475 /* Food101.mlmodel in Sources */,
				F4FA350E260FA3AD00D3F475 /* CameraView.swift in Sources */,
				F4FA3506260F9E3B00D3F475 /* DonateView.swift in Sources */,
				F4FA34EC260F97C900D3F475 /* MainView.swift in Sources */,
				F4FA3509260F9FC500D3F475 /* NewsView.swift in Sources */,
				F4FA3501260F9B6900D3F475 /* SnapView.swift in Sources */,
				F444E5BF260FBC83003B0C3F /* CameraLiveView.swift in Sources */,
				F444E5BB260FBBE0003B0C3F /* CameraModel.swift in Sources */,
				F4FA34EA260F97C900D3F475 /* Snap_GiveApp.swift in Sources */,
			);
			runOnlyForDeploymentPostprocessing = 0;
		};
/* End PBXSourcesBuildPhase section */

/* Begin XCBuildConfiguration section */
		F4FA34F3260F97CB00D3F475 /* Debug */ = {
			isa = XCBuildConfiguration;
			buildSettings = {
				ALWAYS_SEARCH_USER_PATHS = NO;
				CLANG_ANALYZER_NONNULL = YES;
				CLANG_ANALYZER_NUMBER_OBJECT_CONVERSION = YES_AGGRESSIVE;
				CLANG_CXX_LANGUAGE_STANDARD = "gnu++14";
				CLANG_CXX_LIBRARY = "libc++";
				CLANG_ENABLE_MODULES = YES;
				CLANG_ENABLE_OBJC_ARC = YES;
				CLANG_ENABLE_OBJC_WEAK = YES;
				CLANG_WARN_BLOCK_CAPTURE_AUTORELEASING = YES;
				CLANG_WARN_BOOL_CONVERSION = YES;
				CLANG_WARN_COMMA = YES;
				CLANG_WARN_CONSTANT_CONVERSION = YES;
				CLANG_WARN_DEPRECATED_OBJC_IMPLEMENTATIONS = YES;
				CLANG_WARN_DIRECT_OBJC_ISA_USAGE = YES_ERROR;
				CLANG_WARN_DOCUMENTATION_COMMENTS = YES;
				CLANG_WARN_EMPTY_BODY = YES;
				CLANG_WARN_ENUM_CONVERSION = YES;
				CLANG_WARN_INFINITE_RECURSION = YES;
				CLANG_WARN_INT_CONVERSION = YES;
				CLANG_WARN_NON_LITERAL_NULL_CONVERSION = YES;
				CLANG_WARN_OBJC_IMPLICIT_RETAIN_SELF = YES;
				CLANG_WARN_OBJC_LITERAL_CONVERSION = YES;
				CLANG_WARN_OBJC_ROOT_CLASS = YES_ERROR;
				CLANG_WARN_QUOTED_INCLUDE_IN_FRAMEWORK_HEADER = YES;
				CLANG_WARN_RANGE_LOOP_ANALYSIS = YES;
				CLANG_WARN_STRICT_PROTOTYPES = YES;
				CLANG_WARN_SUSPICIOUS_MOVE = YES;
				CLANG_WARN_UNGUARDED_AVAILABILITY = YES_AGGRESSIVE;
				CLANG_WARN_UNREACHABLE_CODE = YES;
				CLANG_WARN__DUPLICATE_METHOD_MATCH = YES;
				COPY_PHASE_STRIP = NO;
				DEBUG_INFORMATION_FORMAT = dwarf;
				ENABLE_STRICT_OBJC_MSGSEND = YES;
				ENABLE_TESTABILITY = YES;
				GCC_C_LANGUAGE_STANDARD = gnu11;
				GCC_DYNAMIC_NO_PIC = NO;
				GCC_NO_COMMON_BLOCKS = YES;
				GCC_OPTIMIZATION_LEVEL = 0;
				GCC_PREPROCESSOR_DEFINITIONS = (
					"DEBUG=1",
					"$(inherited)",
				);
				GCC_WARN_64_TO_32_BIT_CONVERSION = YES;
				GCC_WARN_ABOUT_RETURN_TYPE = YES_ERROR;
				GCC_WARN_UNDECLARED_SELECTOR = YES;
				GCC_WARN_UNINITIALIZED_AUTOS = YES_AGGRESSIVE;
				GCC_WARN_UNUSED_FUNCTION = YES;
				GCC_WARN_UNUSED_VARIABLE = YES;
				IPHONEOS_DEPLOYMENT_TARGET = 14.4;
				MTL_ENABLE_DEBUG_INFO = INCLUDE_SOURCE;
				MTL_FAST_MATH = YES;
				ONLY_ACTIVE_ARCH = YES;
				SDKROOT = iphoneos;
				SWIFT_ACTIVE_COMPILATION_CONDITIONS = DEBUG;
				SWIFT_OPTIMIZATION_LEVEL = "-Onone";
			};
			name = Debug;
		};
		F4FA34F4260F97CB00D3F475 /* Release */ = {
			isa = XCBuildConfiguration;
			buildSettings = {
				ALWAYS_SEARCH_USER_PATHS = NO;
				CLANG_ANALYZER_NONNULL = YES;
				CLANG_ANALYZER_NUMBER_OBJECT_CONVERSION = YES_AGGRESSIVE;
				CLANG_CXX_LANGUAGE_STANDARD = "gnu++14";
				CLANG_CXX_LIBRARY = "libc++";
				CLANG_ENABLE_MODULES = YES;
				CLANG_ENABLE_OBJC_ARC = YES;
				CLANG_ENABLE_OBJC_WEAK = YES;
				CLANG_WARN_BLOCK_CAPTURE_AUTORELEASING = YES;
				CLANG_WARN_BOOL_CONVERSION = YES;
				CLANG_WARN_COMMA = YES;
				CLANG_WARN_CONSTANT_CONVERSION = YES;
				CLANG_WARN_DEPRECATED_OBJC_IMPLEMENTATIONS = YES;
				CLANG_WARN_DIRECT_OBJC_ISA_USAGE = YES_ERROR;
				CLANG_WARN_DOCUMENTATION_COMMENTS = YES;
				CLANG_WARN_EMPTY_BODY = YES;
				CLANG_WARN_ENUM_CONVERSION = YES;
				CLANG_WARN_INFINITE_RECURSION = YES;
				CLANG_WARN_INT_CONVERSION = YES;
				CLANG_WARN_NON_LITERAL_NULL_CONVERSION = YES;
				CLANG_WARN_OBJC_IMPLICIT_RETAIN_SELF = YES;
				CLANG_WARN_OBJC_LITERAL_CONVERSION = YES;
				CLANG_WARN_OBJC_ROOT_CLASS = YES_ERROR;
				CLANG_WARN_QUOTED_INCLUDE_IN_FRAMEWORK_HEADER = YES;
				CLANG_WARN_RANGE_LOOP_ANALYSIS = YES;
				CLANG_WARN_STRICT_PROTOTYPES = YES;
				CLANG_WARN_SUSPICIOUS_MOVE = YES;
				CLANG_WARN_UNGUARDED_AVAILABILITY = YES_AGGRESSIVE;
				CLANG_WARN_UNREACHABLE_CODE = YES;
				CLANG_WARN__DUPLICATE_METHOD_MATCH = YES;
				COPY_PHASE_STRIP = NO;
				DEBUG_INFORMATION_FORMAT = "dwarf-with-dsym";
				ENABLE_NS_ASSERTIONS = NO;
				ENABLE_STRICT_OBJC_MSGSEND = YES;
				GCC_C_LANGUAGE_STANDARD = gnu11;
				GCC_NO_COMMON_BLOCKS = YES;
				GCC_WARN_64_TO_32_BIT_CONVERSION = YES;
				GCC_WARN_ABOUT_RETURN_TYPE = YES_ERROR;
				GCC_WARN_UNDECLARED_SELECTOR = YES;
				GCC_WARN_UNINITIALIZED_AUTOS = YES_AGGRESSIVE;
				GCC_WARN_UNUSED_FUNCTION = YES;
				GCC_WARN_UNUSED_VARIABLE = YES;
				IPHONEOS_DEPLOYMENT_TARGET = 14.4;
				MTL_ENABLE_DEBUG_INFO = NO;
				MTL_FAST_MATH = YES;
				SDKROOT = iphoneos;
				SWIFT_COMPILATION_MODE = wholemodule;
				SWIFT_OPTIMIZATION_LEVEL = "-O";
				VALIDATE_PRODUCT = YES;
			};
			name = Release;
		};
		F4FA34F6260F97CB00D3F475 /* Debug */ = {
			isa = XCBuildConfiguration;
			buildSettings = {
				ASSETCATALOG_COMPILER_APPICON_NAME = AppIcon;
				ASSETCATALOG_COMPILER_GLOBAL_ACCENT_COLOR_NAME = AccentColor;
				CODE_SIGN_STYLE = Automatic;
				DEVELOPMENT_ASSET_PATHS = "\"Snap&Give/Preview Content\"";
				DEVELOPMENT_TEAM = WMFKF24VVS;
				ENABLE_PREVIEWS = YES;
				INFOPLIST_FILE = "Snap&Give/Info.plist";
				IPHONEOS_DEPLOYMENT_TARGET = 14.0;
				LD_RUNPATH_SEARCH_PATHS = (
					"$(inherited)",
					"@executable_path/Frameworks",
				);
				PRODUCT_BUNDLE_IDENTIFIER = "com.shengyuanlu.Snap-Give";
				PRODUCT_NAME = "$(TARGET_NAME)";
				SWIFT_VERSION = 5.0;
				TARGETED_DEVICE_FAMILY = 1;
			};
			name = Debug;
		};
		F4FA34F7260F97CB00D3F475 /* Release */ = {
			isa = XCBuildConfiguration;
			buildSettings = {
				ASSETCATALOG_COMPILER_APPICON_NAME = AppIcon;
				ASSETCATALOG_COMPILER_GLOBAL_ACCENT_COLOR_NAME = AccentColor;
				CODE_SIGN_STYLE = Automatic;
				DEVELOPMENT_ASSET_PATHS = "\"Snap&Give/Preview Content\"";
				DEVELOPMENT_TEAM = WMFKF24VVS;
				ENABLE_PREVIEWS = YES;
				INFOPLIST_FILE = "Snap&Give/Info.plist";
				IPHONEOS_DEPLOYMENT_TARGET = 14.0;
				LD_RUNPATH_SEARCH_PATHS = (
					"$(inherited)",
					"@executable_path/Frameworks",
				);
				PRODUCT_BUNDLE_IDENTIFIER = "com.shengyuanlu.Snap-Give";
				PRODUCT_NAME = "$(TARGET_NAME)";
				SWIFT_VERSION = 5.0;
				TARGETED_DEVICE_FAMILY = 1;
			};
			name = Release;
		};
/* End XCBuildConfiguration section */

/* Begin XCConfigurationList section */
		F4FA34E1260F97C900D3F475 /* Build configuration list for PBXProject "Snap&Give" */ = {
			isa = XCConfigurationList;
			buildConfigurations = (
				F4FA34F3260F97CB00D3F475 /* Debug */,
				F4FA34F4260F97CB00D3F475 /* Release */,
			);
			defaultConfigurationIsVisible = 0;
			defaultConfigurationName = Release;
		};
		F4FA34F5260F97CB00D3F475 /* Build configuration list for PBXNativeTarget "Snap&Give" */ = {
			isa = XCConfigurationList;
			buildConfigurations = (
				F4FA34F6260F97CB00D3F475 /* Debug */,
				F4FA34F7260F97CB00D3F475 /* Release */,
			);
			defaultConfigurationIsVisible = 0;
			defaultConfigurationName = Release;
		};
/* End XCConfigurationList section */
	};
	rootObject = F4FA34DE260F97C900D3F475 /* Project object */;
}
